// !$*UTF8*$!
{
	archiveVersion = 1;
	classes = {
	};
	objectVersion = 50;
	objects = {

/* Begin PBXBuildFile section */
		103BE8E7259CDD5600487748 /* Reachability.swift in Sources */ = {isa = PBXBuildFile; fileRef = 103BE8E6259CDD5600487748 /* Reachability.swift */; };
		10568085259DC2E1008FB888 /* EditGeofencePresenter.swift in Sources */ = {isa = PBXBuildFile; fileRef = 10568084259DC2E1008FB888 /* EditGeofencePresenter.swift */; };
		1056808E259DD699008FB888 /* GeofenceAreaUnitTests.swift in Sources */ = {isa = PBXBuildFile; fileRef = 1056808D259DD699008FB888 /* GeofenceAreaUnitTests.swift */; };
		109B60F2259D733100317C14 /* AppPreferences.swift in Sources */ = {isa = PBXBuildFile; fileRef = 109B60F1259D733100317C14 /* AppPreferences.swift */; };
		109B60F4259D7CCE00317C14 /* GeofenceAreaPresenter.swift in Sources */ = {isa = PBXBuildFile; fileRef = 109B60F3259D7CCE00317C14 /* GeofenceAreaPresenter.swift */; };
		109B60F6259D8B6400317C14 /* GeofenceAreaService.swift in Sources */ = {isa = PBXBuildFile; fileRef = 109B60F5259D8B6400317C14 /* GeofenceAreaService.swift */; };
		10BD19C1259C64AC0042B1AF /* MapView+Extensions.swift in Sources */ = {isa = PBXBuildFile; fileRef = 10BD19C0259C64AC0042B1AF /* MapView+Extensions.swift */; };
		10BD19C6259C6B8C0042B1AF /* EditGeofenceViewController.swift in Sources */ = {isa = PBXBuildFile; fileRef = 10BD19C4259C6B8C0042B1AF /* EditGeofenceViewController.swift */; };
		10BD19C7259C6B8C0042B1AF /* EditGeofenceViewController.xib in Resources */ = {isa = PBXBuildFile; fileRef = 10BD19C5259C6B8C0042B1AF /* EditGeofenceViewController.xib */; };
		10BD19C9259C6F7B0042B1AF /* UIViewController+Extensions.swift in Sources */ = {isa = PBXBuildFile; fileRef = 10BD19C8259C6F7B0042B1AF /* UIViewController+Extensions.swift */; };
		10BD19CE259C961F0042B1AF /* GeofenceModel.swift in Sources */ = {isa = PBXBuildFile; fileRef = 10BD19CD259C961F0042B1AF /* GeofenceModel.swift */; };
		10EB83C3259C1AF800B81E07 /* AppDelegate.swift in Sources */ = {isa = PBXBuildFile; fileRef = 10EB83C2259C1AF800B81E07 /* AppDelegate.swift */; };
		10EB83CC259C1AFD00B81E07 /* Assets.xcassets in Resources */ = {isa = PBXBuildFile; fileRef = 10EB83CB259C1AFD00B81E07 /* Assets.xcassets */; };
		10EB83CF259C1AFD00B81E07 /* LaunchScreen.storyboard in Resources */ = {isa = PBXBuildFile; fileRef = 10EB83CD259C1AFD00B81E07 /* LaunchScreen.storyboard */; };
		10EB83E7259C1CCF00B81E07 /* App.swift in Sources */ = {isa = PBXBuildFile; fileRef = 10EB83E6259C1CCF00B81E07 /* App.swift */; };
		10EB83EC259C243900B81E07 /* GeofenceAreaViewController.swift in Sources */ = {isa = PBXBuildFile; fileRef = 10EB83EA259C243900B81E07 /* GeofenceAreaViewController.swift */; };
		10EB83ED259C243900B81E07 /* GeofenceAreaViewController.xib in Resources */ = {isa = PBXBuildFile; fileRef = 10EB83EB259C243900B81E07 /* GeofenceAreaViewController.xib */; };
		10EB83EF259C2BE000B81E07 /* Constant.swift in Sources */ = {isa = PBXBuildFile; fileRef = 10EB83EE259C2BE000B81E07 /* Constant.swift */; };
		10EB83F1259C2DBA00B81E07 /* GANavigationViewController.swift in Sources */ = {isa = PBXBuildFile; fileRef = 10EB83F0259C2DBA00B81E07 /* GANavigationViewController.swift */; };
/* End PBXBuildFile section */

/* Begin PBXContainerItemProxy section */
		10568090259DD699008FB888 /* PBXContainerItemProxy */ = {
			isa = PBXContainerItemProxy;
			containerPortal = 10EB83B7259C1AF800B81E07 /* Project object */;
			proxyType = 1;
			remoteGlobalIDString = 10EB83BE259C1AF800B81E07;
			remoteInfo = GeofenceArea;
		};
/* End PBXContainerItemProxy section */

/* Begin PBXFileReference section */
		103BE8E6259CDD5600487748 /* Reachability.swift */ = {isa = PBXFileReference; fileEncoding = 4; lastKnownFileType = sourcecode.swift; path = Reachability.swift; sourceTree = "<group>"; };
		10568084259DC2E1008FB888 /* EditGeofencePresenter.swift */ = {isa = PBXFileReference; lastKnownFileType = sourcecode.swift; path = EditGeofencePresenter.swift; sourceTree = "<group>"; };
		10568086259DCB87008FB888 /* GeofenceArea.entitlements */ = {isa = PBXFileReference; lastKnownFileType = text.plist.entitlements; path = GeofenceArea.entitlements; sourceTree = "<group>"; };
		1056808B259DD699008FB888 /* GeofenceAreaUnitTests.xctest */ = {isa = PBXFileReference; explicitFileType = wrapper.cfbundle; includeInIndex = 0; path = GeofenceAreaUnitTests.xctest; sourceTree = BUILT_PRODUCTS_DIR; };
		1056808D259DD699008FB888 /* GeofenceAreaUnitTests.swift */ = {isa = PBXFileReference; lastKnownFileType = sourcecode.swift; path = GeofenceAreaUnitTests.swift; sourceTree = "<group>"; };
		1056808F259DD699008FB888 /* Info.plist */ = {isa = PBXFileReference; lastKnownFileType = text.plist.xml; path = Info.plist; sourceTree = "<group>"; };
		109B60F1259D733100317C14 /* AppPreferences.swift */ = {isa = PBXFileReference; lastKnownFileType = sourcecode.swift; path = AppPreferences.swift; sourceTree = "<group>"; };
		109B60F3259D7CCE00317C14 /* GeofenceAreaPresenter.swift */ = {isa = PBXFileReference; lastKnownFileType = sourcecode.swift; path = GeofenceAreaPresenter.swift; sourceTree = "<group>"; };
		109B60F5259D8B6400317C14 /* GeofenceAreaService.swift */ = {isa = PBXFileReference; lastKnownFileType = sourcecode.swift; path = GeofenceAreaService.swift; sourceTree = "<group>"; };
		10BD19C0259C64AC0042B1AF /* MapView+Extensions.swift */ = {isa = PBXFileReference; lastKnownFileType = sourcecode.swift; path = "MapView+Extensions.swift"; sourceTree = "<group>"; };
		10BD19C4259C6B8C0042B1AF /* EditGeofenceViewController.swift */ = {isa = PBXFileReference; lastKnownFileType = sourcecode.swift; path = EditGeofenceViewController.swift; sourceTree = "<group>"; };
		10BD19C5259C6B8C0042B1AF /* EditGeofenceViewController.xib */ = {isa = PBXFileReference; lastKnownFileType = file.xib; path = EditGeofenceViewController.xib; sourceTree = "<group>"; };
		10BD19C8259C6F7B0042B1AF /* UIViewController+Extensions.swift */ = {isa = PBXFileReference; lastKnownFileType = sourcecode.swift; path = "UIViewController+Extensions.swift"; sourceTree = "<group>"; };
		10BD19CD259C961F0042B1AF /* GeofenceModel.swift */ = {isa = PBXFileReference; lastKnownFileType = sourcecode.swift; path = GeofenceModel.swift; sourceTree = "<group>"; };
		10EB83BF259C1AF800B81E07 /* GeofenceArea.app */ = {isa = PBXFileReference; explicitFileType = wrapper.application; includeInIndex = 0; path = GeofenceArea.app; sourceTree = BUILT_PRODUCTS_DIR; };
		10EB83C2259C1AF800B81E07 /* AppDelegate.swift */ = {isa = PBXFileReference; lastKnownFileType = sourcecode.swift; path = AppDelegate.swift; sourceTree = "<group>"; };
		10EB83CB259C1AFD00B81E07 /* Assets.xcassets */ = {isa = PBXFileReference; lastKnownFileType = folder.assetcatalog; path = Assets.xcassets; sourceTree = "<group>"; };
		10EB83CE259C1AFD00B81E07 /* Base */ = {isa = PBXFileReference; lastKnownFileType = file.storyboard; name = Base; path = Base.lproj/LaunchScreen.storyboard; sourceTree = "<group>"; };
		10EB83D0259C1AFD00B81E07 /* Info.plist */ = {isa = PBXFileReference; lastKnownFileType = text.plist.xml; path = Info.plist; sourceTree = "<group>"; };
		10EB83E6259C1CCF00B81E07 /* App.swift */ = {isa = PBXFileReference; lastKnownFileType = sourcecode.swift; path = App.swift; sourceTree = "<group>"; };
		10EB83EA259C243900B81E07 /* GeofenceAreaViewController.swift */ = {isa = PBXFileReference; lastKnownFileType = sourcecode.swift; path = GeofenceAreaViewController.swift; sourceTree = "<group>"; };
		10EB83EB259C243900B81E07 /* GeofenceAreaViewController.xib */ = {isa = PBXFileReference; lastKnownFileType = file.xib; path = GeofenceAreaViewController.xib; sourceTree = "<group>"; };
		10EB83EE259C2BE000B81E07 /* Constant.swift */ = {isa = PBXFileReference; lastKnownFileType = sourcecode.swift; path = Constant.swift; sourceTree = "<group>"; };
		10EB83F0259C2DBA00B81E07 /* GANavigationViewController.swift */ = {isa = PBXFileReference; lastKnownFileType = sourcecode.swift; path = GANavigationViewController.swift; sourceTree = "<group>"; };
/* End PBXFileReference section */

/* Begin PBXFrameworksBuildPhase section */
		10568088259DD699008FB888 /* Frameworks */ = {
			isa = PBXFrameworksBuildPhase;
			buildActionMask = 2147483647;
			files = (
			);
			runOnlyForDeploymentPostprocessing = 0;
		};
		10EB83BC259C1AF800B81E07 /* Frameworks */ = {
			isa = PBXFrameworksBuildPhase;
			buildActionMask = 2147483647;
			files = (
			);
			runOnlyForDeploymentPostprocessing = 0;
		};
/* End PBXFrameworksBuildPhase section */

/* Begin PBXGroup section */
		103BE8E4259CDD2400487748 /* Libs */ = {
			isa = PBXGroup;
			children = (
				103BE8E5259CDD3700487748 /* ReachabilitySwift */,
			);
			path = Libs;
			sourceTree = "<group>";
		};
		103BE8E5259CDD3700487748 /* ReachabilitySwift */ = {
			isa = PBXGroup;
			children = (
				103BE8E6259CDD5600487748 /* Reachability.swift */,
			);
			path = ReachabilitySwift;
			sourceTree = "<group>";
		};
		1056808C259DD699008FB888 /* GeofenceAreaUnitTests */ = {
			isa = PBXGroup;
			children = (
				1056808D259DD699008FB888 /* GeofenceAreaUnitTests.swift */,
				1056808F259DD699008FB888 /* Info.plist */,
			);
			path = GeofenceAreaUnitTests;
			sourceTree = "<group>";
		};
		10BD19C2259C6A530042B1AF /* GeofenceArea */ = {
			isa = PBXGroup;
			children = (
				10EB83EA259C243900B81E07 /* GeofenceAreaViewController.swift */,
				10EB83EB259C243900B81E07 /* GeofenceAreaViewController.xib */,
				109B60F3259D7CCE00317C14 /* GeofenceAreaPresenter.swift */,
				109B60F5259D8B6400317C14 /* GeofenceAreaService.swift */,
			);
			path = GeofenceArea;
			sourceTree = "<group>";
		};
		10BD19C3259C6A6D0042B1AF /* EditGeofence */ = {
			isa = PBXGroup;
			children = (
				10568084259DC2E1008FB888 /* EditGeofencePresenter.swift */,
				10BD19C4259C6B8C0042B1AF /* EditGeofenceViewController.swift */,
				10BD19C5259C6B8C0042B1AF /* EditGeofenceViewController.xib */,
			);
			path = EditGeofence;
			sourceTree = "<group>";
		};
		10BD19CA259C82450042B1AF /* Model */ = {
			isa = PBXGroup;
			children = (
				10BD19CD259C961F0042B1AF /* GeofenceModel.swift */,
			);
			path = Model;
			sourceTree = "<group>";
		};
		10EB83B6259C1AF800B81E07 = {
			isa = PBXGroup;
			children = (
				10EB83C1259C1AF800B81E07 /* GeofenceArea */,
				1056808C259DD699008FB888 /* GeofenceAreaUnitTests */,
				10EB83C0259C1AF800B81E07 /* Products */,
			);
			sourceTree = "<group>";
		};
		10EB83C0259C1AF800B81E07 /* Products */ = {
			isa = PBXGroup;
			children = (
				10EB83BF259C1AF800B81E07 /* GeofenceArea.app */,
				1056808B259DD699008FB888 /* GeofenceAreaUnitTests.xctest */,
			);
			name = Products;
			sourceTree = "<group>";
		};
		10EB83C1259C1AF800B81E07 /* GeofenceArea */ = {
			isa = PBXGroup;
			children = (
				10568086259DCB87008FB888 /* GeofenceArea.entitlements */,
				10EB83E8259C239D00B81E07 /* General */,
				10EB83E4259C1B8900B81E07 /* Feature */,
				10EB83CB259C1AFD00B81E07 /* Assets.xcassets */,
				10EB83CD259C1AFD00B81E07 /* LaunchScreen.storyboard */,
				10EB83D0259C1AFD00B81E07 /* Info.plist */,
			);
			path = GeofenceArea;
			sourceTree = "<group>";
		};
		10EB83E4259C1B8900B81E07 /* Feature */ = {
			isa = PBXGroup;
			children = (
				10EB83E9259C23D300B81E07 /* ModuleMap */,
				10EB83E5259C1B9900B81E07 /* App */,
			);
			path = Feature;
			sourceTree = "<group>";
		};
		10EB83E5259C1B9900B81E07 /* App */ = {
			isa = PBXGroup;
			children = (
				10EB83C2259C1AF800B81E07 /* AppDelegate.swift */,
				10EB83E6259C1CCF00B81E07 /* App.swift */,
				109B60F1259D733100317C14 /* AppPreferences.swift */,
				10EB83F0259C2DBA00B81E07 /* GANavigationViewController.swift */,
			);
			path = App;
			sourceTree = "<group>";
		};
		10EB83E8259C239D00B81E07 /* General */ = {
			isa = PBXGroup;
			children = (
				10EB83EE259C2BE000B81E07 /* Constant.swift */,
				103BE8E4259CDD2400487748 /* Libs */,
				10EB83F2259C3D6300B81E07 /* Extensions */,
			);
			path = General;
			sourceTree = "<group>";
		};
		10EB83E9259C23D300B81E07 /* ModuleMap */ = {
			isa = PBXGroup;
			children = (
				10BD19CA259C82450042B1AF /* Model */,
				10BD19C3259C6A6D0042B1AF /* EditGeofence */,
				10BD19C2259C6A530042B1AF /* GeofenceArea */,
			);
			path = ModuleMap;
			sourceTree = "<group>";
		};
		10EB83F2259C3D6300B81E07 /* Extensions */ = {
			isa = PBXGroup;
			children = (
				10BD19C0259C64AC0042B1AF /* MapView+Extensions.swift */,
				10BD19C8259C6F7B0042B1AF /* UIViewController+Extensions.swift */,
			);
			path = Extensions;
			sourceTree = "<group>";
		};
/* End PBXGroup section */

/* Begin PBXNativeTarget section */
		1056808A259DD699008FB888 /* GeofenceAreaUnitTests */ = {
			isa = PBXNativeTarget;
			buildConfigurationList = 10568092259DD699008FB888 /* Build configuration list for PBXNativeTarget "GeofenceAreaUnitTests" */;
			buildPhases = (
				10568087259DD699008FB888 /* Sources */,
				10568088259DD699008FB888 /* Frameworks */,
				10568089259DD699008FB888 /* Resources */,
			);
			buildRules = (
			);
			dependencies = (
				10568091259DD699008FB888 /* PBXTargetDependency */,
			);
			name = GeofenceAreaUnitTests;
			productName = GeofenceAreaUnitTests;
			productReference = 1056808B259DD699008FB888 /* GeofenceAreaUnitTests.xctest */;
			productType = "com.apple.product-type.bundle.unit-test";
		};
		10EB83BE259C1AF800B81E07 /* GeofenceArea */ = {
			isa = PBXNativeTarget;
			buildConfigurationList = 10EB83DE259C1AFD00B81E07 /* Build configuration list for PBXNativeTarget "GeofenceArea" */;
			buildPhases = (
				10EB83BB259C1AF800B81E07 /* Sources */,
				10EB83BC259C1AF800B81E07 /* Frameworks */,
				10EB83BD259C1AF800B81E07 /* Resources */,
			);
			buildRules = (
			);
			dependencies = (
			);
			name = GeofenceArea;
			productName = GeofenceArea;
			productReference = 10EB83BF259C1AF800B81E07 /* GeofenceArea.app */;
			productType = "com.apple.product-type.application";
		};
/* End PBXNativeTarget section */

/* Begin PBXProject section */
		10EB83B7259C1AF800B81E07 /* Project object */ = {
			isa = PBXProject;
			attributes = {
				LastSwiftUpdateCheck = 1140;
				LastUpgradeCheck = 1140;
				ORGANIZATIONNAME = "Nguyen Thanh Trung";
				TargetAttributes = {
					1056808A259DD699008FB888 = {
						CreatedOnToolsVersion = 11.4.1;
						TestTargetID = 10EB83BE259C1AF800B81E07;
					};
					10EB83BE259C1AF800B81E07 = {
						CreatedOnToolsVersion = 11.4.1;
					};
				};
			};
			buildConfigurationList = 10EB83BA259C1AF800B81E07 /* Build configuration list for PBXProject "GeofenceArea" */;
			compatibilityVersion = "Xcode 9.3";
			developmentRegion = en;
			hasScannedForEncodings = 0;
			knownRegions = (
				en,
				Base,
			);
			mainGroup = 10EB83B6259C1AF800B81E07;
			productRefGroup = 10EB83C0259C1AF800B81E07 /* Products */;
			projectDirPath = "";
			projectRoot = "";
			targets = (
				10EB83BE259C1AF800B81E07 /* GeofenceArea */,
				1056808A259DD699008FB888 /* GeofenceAreaUnitTests */,
			);
		};
/* End PBXProject section */

/* Begin PBXResourcesBuildPhase section */
		10568089259DD699008FB888 /* Resources */ = {
			isa = PBXResourcesBuildPhase;
			buildActionMask = 2147483647;
			files = (
			);
			runOnlyForDeploymentPostprocessing = 0;
		};
		10EB83BD259C1AF800B81E07 /* Resources */ = {
			isa = PBXResourcesBuildPhase;
			buildActionMask = 2147483647;
			files = (
				10BD19C7259C6B8C0042B1AF /* EditGeofenceViewController.xib in Resources */,
				10EB83ED259C243900B81E07 /* GeofenceAreaViewController.xib in Resources */,
				10EB83CF259C1AFD00B81E07 /* LaunchScreen.storyboard in Resources */,
				10EB83CC259C1AFD00B81E07 /* Assets.xcassets in Resources */,
			);
			runOnlyForDeploymentPostprocessing = 0;
		};
/* End PBXResourcesBuildPhase section */

/* Begin PBXSourcesBuildPhase section */
		10568087259DD699008FB888 /* Sources */ = {
			isa = PBXSourcesBuildPhase;
			buildActionMask = 2147483647;
			files = (
				1056808E259DD699008FB888 /* GeofenceAreaUnitTests.swift in Sources */,
			);
			runOnlyForDeploymentPostprocessing = 0;
		};
		10EB83BB259C1AF800B81E07 /* Sources */ = {
			isa = PBXSourcesBuildPhase;
			buildActionMask = 2147483647;
			files = (
				10BD19C6259C6B8C0042B1AF /* EditGeofenceViewController.swift in Sources */,
				10EB83E7259C1CCF00B81E07 /* App.swift in Sources */,
				109B60F4259D7CCE00317C14 /* GeofenceAreaPresenter.swift in Sources */,
				10EB83F1259C2DBA00B81E07 /* GANavigationViewController.swift in Sources */,
				109B60F6259D8B6400317C14 /* GeofenceAreaService.swift in Sources */,
				10EB83C3259C1AF800B81E07 /* AppDelegate.swift in Sources */,
				10BD19C9259C6F7B0042B1AF /* UIViewController+Extensions.swift in Sources */,
				10BD19CE259C961F0042B1AF /* GeofenceModel.swift in Sources */,
				109B60F2259D733100317C14 /* AppPreferences.swift in Sources */,
				10568085259DC2E1008FB888 /* EditGeofencePresenter.swift in Sources */,
				10EB83EC259C243900B81E07 /* GeofenceAreaViewController.swift in Sources */,
				103BE8E7259CDD5600487748 /* Reachability.swift in Sources */,
				10EB83EF259C2BE000B81E07 /* Constant.swift in Sources */,
				10BD19C1259C64AC0042B1AF /* MapView+Extensions.swift in Sources */,
			);
			runOnlyForDeploymentPostprocessing = 0;
		};
/* End PBXSourcesBuildPhase section */

/* Begin PBXTargetDependency section */
		10568091259DD699008FB888 /* PBXTargetDependency */ = {
			isa = PBXTargetDependency;
			target = 10EB83BE259C1AF800B81E07 /* GeofenceArea */;
			targetProxy = 10568090259DD699008FB888 /* PBXContainerItemProxy */;
		};
/* End PBXTargetDependency section */

/* Begin PBXVariantGroup section */
		10EB83CD259C1AFD00B81E07 /* LaunchScreen.storyboard */ = {
			isa = PBXVariantGroup;
			children = (
				10EB83CE259C1AFD00B81E07 /* Base */,
			);
			name = LaunchScreen.storyboard;
			sourceTree = "<group>";
		};
/* End PBXVariantGroup section */

/* Begin XCBuildConfiguration section */
		10568093259DD699008FB888 /* Debug */ = {
			isa = XCBuildConfiguration;
			buildSettings = {
				BUNDLE_LOADER = "$(TEST_HOST)";
				CODE_SIGN_STYLE = Automatic;
				INFOPLIST_FILE = GeofenceAreaUnitTests/Info.plist;
				IPHONEOS_DEPLOYMENT_TARGET = 13.4;
				LD_RUNPATH_SEARCH_PATHS = (
					"$(inherited)",
					"@executable_path/Frameworks",
					"@loader_path/Frameworks",
				);
				PRODUCT_BUNDLE_IDENTIFIER = com.trungnguyen.GeofenceAreaUnitTests;
				PRODUCT_NAME = "$(TARGET_NAME)";
				SWIFT_VERSION = 5.0;
				TARGETED_DEVICE_FAMILY = "1,2";
				TEST_HOST = "$(BUILT_PRODUCTS_DIR)/GeofenceArea.app/GeofenceArea";
			};
			name = Debug;
		};
		10568094259DD699008FB888 /* Release */ = {
			isa = XCBuildConfiguration;
			buildSettings = {
				BUNDLE_LOADER = "$(TEST_HOST)";
				CODE_SIGN_STYLE = Automatic;
				INFOPLIST_FILE = GeofenceAreaUnitTests/Info.plist;
				IPHONEOS_DEPLOYMENT_TARGET = 13.4;
				LD_RUNPATH_SEARCH_PATHS = (
					"$(inherited)",
					"@executable_path/Frameworks",
					"@loader_path/Frameworks",
				);
				PRODUCT_BUNDLE_IDENTIFIER = com.trungnguyen.GeofenceAreaUnitTests;
				PRODUCT_NAME = "$(TARGET_NAME)";
				SWIFT_VERSION = 5.0;
				TARGETED_DEVICE_FAMILY = "1,2";
				TEST_HOST = "$(BUILT_PRODUCTS_DIR)/GeofenceArea.app/GeofenceArea";
			};
			name = Release;
		};
		10EB83DC259C1AFD00B81E07 /* Debug */ = {
			isa = XCBuildConfiguration;
			buildSettings = {
				ALWAYS_SEARCH_USER_PATHS = NO;
				CLANG_ANALYZER_NONNULL = YES;
				CLANG_ANALYZER_NUMBER_OBJECT_CONVERSION = YES_AGGRESSIVE;
				CLANG_CXX_LANGUAGE_STANDARD = "gnu++14";
				CLANG_CXX_LIBRARY = "libc++";
				CLANG_ENABLE_MODULES = YES;
				CLANG_ENABLE_OBJC_ARC = YES;
				CLANG_ENABLE_OBJC_WEAK = YES;
				CLANG_WARN_BLOCK_CAPTURE_AUTORELEASING = YES;
				CLANG_WARN_BOOL_CONVERSION = YES;
				CLANG_WARN_COMMA = YES;
				CLANG_WARN_CONSTANT_CONVERSION = YES;
				CLANG_WARN_DEPRECATED_OBJC_IMPLEMENTATIONS = YES;
				CLANG_WARN_DIRECT_OBJC_ISA_USAGE = YES_ERROR;
				CLANG_WARN_DOCUMENTATION_COMMENTS = YES;
				CLANG_WARN_EMPTY_BODY = YES;
				CLANG_WARN_ENUM_CONVERSION = YES;
				CLANG_WARN_INFINITE_RECURSION = YES;
				CLANG_WARN_INT_CONVERSION = YES;
				CLANG_WARN_NON_LITERAL_NULL_CONVERSION = YES;
				CLANG_WARN_OBJC_IMPLICIT_RETAIN_SELF = YES;
				CLANG_WARN_OBJC_LITERAL_CONVERSION = YES;
				CLANG_WARN_OBJC_ROOT_CLASS = YES_ERROR;
				CLANG_WARN_RANGE_LOOP_ANALYSIS = YES;
				CLANG_WARN_STRICT_PROTOTYPES = YES;
				CLANG_WARN_SUSPICIOUS_MOVE = YES;
				CLANG_WARN_UNGUARDED_AVAILABILITY = YES_AGGRESSIVE;
				CLANG_WARN_UNREACHABLE_CODE = YES;
				CLANG_WARN__DUPLICATE_METHOD_MATCH = YES;
				COPY_PHASE_STRIP = NO;
				DEBUG_INFORMATION_FORMAT = dwarf;
				ENABLE_STRICT_OBJC_MSGSEND = YES;
				ENABLE_TESTABILITY = YES;
				GCC_C_LANGUAGE_STANDARD = gnu11;
				GCC_DYNAMIC_NO_PIC = NO;
				GCC_NO_COMMON_BLOCKS = YES;
				GCC_OPTIMIZATION_LEVEL = 0;
				GCC_PREPROCESSOR_DEFINITIONS = (
					"DEBUG=1",
					"$(inherited)",
				);
				GCC_WARN_64_TO_32_BIT_CONVERSION = YES;
				GCC_WARN_ABOUT_RETURN_TYPE = YES_ERROR;
				GCC_WARN_UNDECLARED_SELECTOR = YES;
				GCC_WARN_UNINITIALIZED_AUTOS = YES_AGGRESSIVE;
				GCC_WARN_UNUSED_FUNCTION = YES;
				GCC_WARN_UNUSED_VARIABLE = YES;
				IPHONEOS_DEPLOYMENT_TARGET = 11.0;
				MTL_ENABLE_DEBUG_INFO = INCLUDE_SOURCE;
				MTL_FAST_MATH = YES;
				ONLY_ACTIVE_ARCH = YES;
				SDKROOT = iphoneos;
				SWIFT_ACTIVE_COMPILATION_CONDITIONS = DEBUG;
				SWIFT_OPTIMIZATION_LEVEL = "-Onone";
			};
			name = Debug;
		};
		10EB83DD259C1AFD00B81E07 /* Release */ = {
			isa = XCBuildConfiguration;
			buildSettings = {
				ALWAYS_SEARCH_USER_PATHS = NO;
				CLANG_ANALYZER_NONNULL = YES;
				CLANG_ANALYZER_NUMBER_OBJECT_CONVERSION = YES_AGGRESSIVE;
				CLANG_CXX_LANGUAGE_STANDARD = "gnu++14";
				CLANG_CXX_LIBRARY = "libc++";
				CLANG_ENABLE_MODULES = YES;
				CLANG_ENABLE_OBJC_ARC = YES;
				CLANG_ENABLE_OBJC_WEAK = YES;
				CLANG_WARN_BLOCK_CAPTURE_AUTORELEASING = YES;
				CLANG_WARN_BOOL_CONVERSION = YES;
				CLANG_WARN_COMMA = YES;
				CLANG_WARN_CONSTANT_CONVERSION = YES;
				CLANG_WARN_DEPRECATED_OBJC_IMPLEMENTATIONS = YES;
				CLANG_WARN_DIRECT_OBJC_ISA_USAGE = YES_ERROR;
				CLANG_WARN_DOCUMENTATION_COMMENTS = YES;
				CLANG_WARN_EMPTY_BODY = YES;
				CLANG_WARN_ENUM_CONVERSION = YES;
				CLANG_WARN_INFINITE_RECURSION = YES;
				CLANG_WARN_INT_CONVERSION = YES;
				CLANG_WARN_NON_LITERAL_NULL_CONVERSION = YES;
				CLANG_WARN_OBJC_IMPLICIT_RETAIN_SELF = YES;
				CLANG_WARN_OBJC_LITERAL_CONVERSION = YES;
				CLANG_WARN_OBJC_ROOT_CLASS = YES_ERROR;
				CLANG_WARN_RANGE_LOOP_ANALYSIS = YES;
				CLANG_WARN_STRICT_PROTOTYPES = YES;
				CLANG_WARN_SUSPICIOUS_MOVE = YES;
				CLANG_WARN_UNGUARDED_AVAILABILITY = YES_AGGRESSIVE;
				CLANG_WARN_UNREACHABLE_CODE = YES;
				CLANG_WARN__DUPLICATE_METHOD_MATCH = YES;
				COPY_PHASE_STRIP = NO;
				DEBUG_INFORMATION_FORMAT = "dwarf-with-dsym";
				ENABLE_NS_ASSERTIONS = NO;
				ENABLE_STRICT_OBJC_MSGSEND = YES;
				GCC_C_LANGUAGE_STANDARD = gnu11;
				GCC_NO_COMMON_BLOCKS = YES;
				GCC_WARN_64_TO_32_BIT_CONVERSION = YES;
				GCC_WARN_ABOUT_RETURN_TYPE = YES_ERROR;
				GCC_WARN_UNDECLARED_SELECTOR = YES;
				GCC_WARN_UNINITIALIZED_AUTOS = YES_AGGRESSIVE;
				GCC_WARN_UNUSED_FUNCTION = YES;
				GCC_WARN_UNUSED_VARIABLE = YES;
				IPHONEOS_DEPLOYMENT_TARGET = 11.0;
				MTL_ENABLE_DEBUG_INFO = NO;
				MTL_FAST_MATH = YES;
				SDKROOT = iphoneos;
				SWIFT_COMPILATION_MODE = wholemodule;
				SWIFT_OPTIMIZATION_LEVEL = "-O";
				VALIDATE_PRODUCT = YES;
			};
			name = Release;
		};
		10EB83DF259C1AFD00B81E07 /* Debug */ = {
			isa = XCBuildConfiguration;
			buildSettings = {
				ASSETCATALOG_COMPILER_APPICON_NAME = AppIcon;
				CODE_SIGN_ENTITLEMENTS = GeofenceArea/GeofenceArea.entitlements;
				CODE_SIGN_STYLE = Automatic;
				DEVELOPMENT_TEAM = ND57AXU89U;
				INFOPLIST_FILE = GeofenceArea/Info.plist;
				IPHONEOS_DEPLOYMENT_TARGET = 11.0;
				LD_RUNPATH_SEARCH_PATHS = (
					"$(inherited)",
					"@executable_path/Frameworks",
				);
				PRODUCT_BUNDLE_IDENTIFIER = com.blacpay.geofence;
				PRODUCT_NAME = "$(TARGET_NAME)";
				SWIFT_VERSION = 5.0;
				TARGETED_DEVICE_FAMILY = "1,2";
			};
			name = Debug;
		};
		10EB83E0259C1AFD00B81E07 /* Release */ = {
			isa = XCBuildConfiguration;
			buildSettings = {
				ASSETCATALOG_COMPILER_APPICON_NAME = AppIcon;
				CODE_SIGN_ENTITLEMENTS = GeofenceArea/GeofenceArea.entitlements;
				CODE_SIGN_STYLE = Automatic;
				DEVELOPMENT_TEAM = ND57AXU89U;
				INFOPLIST_FILE = GeofenceArea/Info.plist;
				IPHONEOS_DEPLOYMENT_TARGET = 11.0;
				LD_RUNPATH_SEARCH_PATHS = (
					"$(inherited)",
					"@executable_path/Frameworks",
				);
				PRODUCT_BUNDLE_IDENTIFIER = com.blacpay.geofence;
				PRODUCT_NAME = "$(TARGET_NAME)";
				SWIFT_VERSION = 5.0;
				TARGETED_DEVICE_FAMILY = "1,2";
			};
			name = Release;
		};
/* End XCBuildConfiguration section */

/* Begin XCConfigurationList section */
		10568092259DD699008FB888 /* Build configuration list for PBXNativeTarget "GeofenceAreaUnitTests" */ = {
			isa = XCConfigurationList;
			buildConfigurations = (
				10568093259DD699008FB888 /* Debug */,
				10568094259DD699008FB888 /* Release */,
			);
			defaultConfigurationIsVisible = 0;
			defaultConfigurationName = Release;
		};
		10EB83BA259C1AF800B81E07 /* Build configuration list for PBXProject "GeofenceArea" */ = {
			isa = XCConfigurationList;
			buildConfigurations = (
				10EB83DC259C1AFD00B81E07 /* Debug */,
				10EB83DD259C1AFD00B81E07 /* Release */,
			);
			defaultConfigurationIsVisible = 0;
			defaultConfigurationName = Release;
		};
		10EB83DE259C1AFD00B81E07 /* Build configuration list for PBXNativeTarget "GeofenceArea" */ = {
			isa = XCConfigurationList;
			buildConfigurations = (
				10EB83DF259C1AFD00B81E07 /* Debug */,
				10EB83E0259C1AFD00B81E07 /* Release */,
			);
			defaultConfigurationIsVisible = 0;
			defaultConfigurationName = Release;
		};
/* End XCConfigurationList section */
	};
	rootObject = 10EB83B7259C1AF800B81E07 /* Project object */;
}
